
Microsoft Visual Studio Solution File, Format Version 12.00
# Visual Studio Version 17
VisualStudioVersion = 17.3.32901.215
MinimumVisualStudioVersion = 10.0.40219.1
Project("{FAE04EC0-301F-11D3-BF4B-00C04F79EFBC}") = "Lab 3 - Exponents Table", "Lab 3 - Exponents Table\Lab 3 - Exponents Table.csproj", "{8E28FD24-24D4-447F-B4B4-B3C1715CA156}"
EndProject
Global
	GlobalSection(SolutionConfigurationPlatforms) = preSolution
		Debug|Any CPU = Debug|Any CPU
		Release|Any CPU = Release|Any CPU
	EndGlobalSection
	GlobalSection(ProjectConfigurationPlatforms) = postSolution
		{8E28FD24-24D4-447F-B4B4-B3C1715CA156}.Debug|Any CPU.ActiveCfg = Debug|Any CPU
		{8E28FD24-24D4-447F-B4B4-B3C1715CA156}.Debug|Any CPU.Build.0 = Debug|Any CPU
		{8E28FD24-24D4-447F-B4B4-B3C1715CA156}.Release|Any CPU.ActiveCfg = Release|Any CPU
		{8E28FD24-24D4-447F-B4B4-B3C1715CA156}.Release|Any CPU.Build.0 = Release|Any CPU
	EndGlobalSection
	GlobalSection(SolutionProperties) = preSolution
		HideSolutionNode = FALSE
	EndGlobalSection
	GlobalSection(ExtensibilityGlobals) = postSolution
		SolutionGuid = {91D944DA-D573-439A-8909-8A839F4BE0A5}
	EndGlobalSection
EndGlobal
